
Microsoft Visual Studio Solution File, Format Version 12.00
# Visual Studio 15
VisualStudioVersion = 15.0.27428.1
MinimumVisualStudioVersion = 10.0.40219.1
Project("{FAE04EC0-301F-11D3-BF4B-00C04F79EFBC}") = "HUANTINO3.0", "HUANTINO3.0\HUANTINO3.0.csproj", "{48EBC8AB-55CF-4B95-B4AC-716E6F488D56}"
EndProject
Project("{FAE04EC0-301F-11D3-BF4B-00C04F79EFBC}") = "CapaDatos", "CapaDatos\CapaDatos.csproj", "{878BE68E-5384-4486-A220-65A9D8CE4B52}"
EndProject
Project("{FAE04EC0-301F-11D3-BF4B-00C04F79EFBC}") = "CapaNegocio", "CapaNegocio\CapaNegocio.csproj", "{5944DA0A-7C35-43D3-8E40-E54D48C3416D}"
EndProject
Global
	GlobalSection(SolutionConfigurationPlatforms) = preSolution
		Debug|Any CPU = Debug|Any CPU
		Release|Any CPU = Release|Any CPU
	EndGlobalSection
	GlobalSection(ProjectConfigurationPlatforms) = postSolution
		{48EBC8AB-55CF-4B95-B4AC-716E6F488D56}.Debug|Any CPU.ActiveCfg = Debug|Any CPU
		{48EBC8AB-55CF-4B95-B4AC-716E6F488D56}.Debug|Any CPU.Build.0 = Debug|Any CPU
		{48EBC8AB-55CF-4B95-B4AC-716E6F488D56}.Release|Any CPU.ActiveCfg = Release|Any CPU
		{48EBC8AB-55CF-4B95-B4AC-716E6F488D56}.Release|Any CPU.Build.0 = Release|Any CPU
		{878BE68E-5384-4486-A220-65A9D8CE4B52}.Debug|Any CPU.ActiveCfg = Debug|Any CPU
		{878BE68E-5384-4486-A220-65A9D8CE4B52}.Debug|Any CPU.Build.0 = Debug|Any CPU
		{878BE68E-5384-4486-A220-65A9D8CE4B52}.Release|Any CPU.ActiveCfg = Release|Any CPU
		{878BE68E-5384-4486-A220-65A9D8CE4B52}.Release|Any CPU.Build.0 = Release|Any CPU
		{5944DA0A-7C35-43D3-8E40-E54D48C3416D}.Debug|Any CPU.ActiveCfg = Debug|Any CPU
		{5944DA0A-7C35-43D3-8E40-E54D48C3416D}.Debug|Any CPU.Build.0 = Debug|Any CPU
		{5944DA0A-7C35-43D3-8E40-E54D48C3416D}.Release|Any CPU.ActiveCfg = Release|Any CPU
		{5944DA0A-7C35-43D3-8E40-E54D48C3416D}.Release|Any CPU.Build.0 = Release|Any CPU
	EndGlobalSection
	GlobalSection(SolutionProperties) = preSolution
		HideSolutionNode = FALSE
	EndGlobalSection
	GlobalSection(ExtensibilityGlobals) = postSolution
		SolutionGuid = {858998FC-41A1-4D13-8023-648DADC3B456}
	EndGlobalSection
EndGlobal
